// !$*UTF8*$!
{
	archiveVersion = 1;
	classes = {
	};
	objectVersion = 46;
	objects = {

/* Begin PBXBuildFile section */
		15A2C043446242E87172231A /* Pods_GoalsTests.framework in Frameworks */ = {isa = PBXBuildFile; fileRef = E339925FD6B14DCCACECDAC9 /* Pods_GoalsTests.framework */; };
		55FD199C341B1A7428EE3609 /* Pods_GoalsUITests.framework in Frameworks */ = {isa = PBXBuildFile; fileRef = A9A37E25EFEFAC2CCC5DABED /* Pods_GoalsUITests.framework */; };
		770E9622CD194284E248B22C /* Pods_Goals.framework in Frameworks */ = {isa = PBXBuildFile; fileRef = FFBA34B6999BBB6E2B553F30 /* Pods_Goals.framework */; };
		7E38DFDB1F15813400DEF47C /* Update.swift in Sources */ = {isa = PBXBuildFile; fileRef = 7E38DFDA1F15813400DEF47C /* Update.swift */; };
		7E6B47FF1F169CE00079AC1F /* Goal.swift in Sources */ = {isa = PBXBuildFile; fileRef = 7E6B47FE1F169CE00079AC1F /* Goal.swift */; };
		7E8642011F156F9500EE968A /* FeedCell.swift in Sources */ = {isa = PBXBuildFile; fileRef = 7E8642001F156F9500EE968A /* FeedCell.swift */; };
		7EEEFB171F158A6E004A29EC /* FeedViewController.swift in Sources */ = {isa = PBXBuildFile; fileRef = 7EEEFB161F158A6E004A29EC /* FeedViewController.swift */; };
		7EF1FFD51F158598000DA708 /* ExploreViewController.swift in Sources */ = {isa = PBXBuildFile; fileRef = 7EF1FFD41F158598000DA708 /* ExploreViewController.swift */; };
		B87C87EE1F156E9300F58517 /* PostViewController.swift in Sources */ = {isa = PBXBuildFile; fileRef = B87C87ED1F156E9300F58517 /* PostViewController.swift */; };
		B87C87F01F159AE100F58517 /* DetailViewController.swift in Sources */ = {isa = PBXBuildFile; fileRef = B87C87EF1F159AE100F58517 /* DetailViewController.swift */; };
		B87C87F21F169B5500F58517 /* EditProfileViewController.swift in Sources */ = {isa = PBXBuildFile; fileRef = B87C87F11F169B5500F58517 /* EditProfileViewController.swift */; };
		FACF129C1F15476200D505FE /* AppDelegate.swift in Sources */ = {isa = PBXBuildFile; fileRef = FACF129B1F15476200D505FE /* AppDelegate.swift */; };
		FACF12A11F15476200D505FE /* Main.storyboard in Resources */ = {isa = PBXBuildFile; fileRef = FACF129F1F15476200D505FE /* Main.storyboard */; };
		FACF12A31F15476200D505FE /* Assets.xcassets in Resources */ = {isa = PBXBuildFile; fileRef = FACF12A21F15476200D505FE /* Assets.xcassets */; };
		FACF12A61F15476200D505FE /* LaunchScreen.storyboard in Resources */ = {isa = PBXBuildFile; fileRef = FACF12A41F15476200D505FE /* LaunchScreen.storyboard */; };
		FACF12B11F15476300D505FE /* GoalsTests.swift in Sources */ = {isa = PBXBuildFile; fileRef = FACF12B01F15476300D505FE /* GoalsTests.swift */; };
		FACF12BC1F15476300D505FE /* GoalsUITests.swift in Sources */ = {isa = PBXBuildFile; fileRef = FACF12BB1F15476300D505FE /* GoalsUITests.swift */; };
		FACF12CA1F154A3D00D505FE /* LoginViewController.swift in Sources */ = {isa = PBXBuildFile; fileRef = FACF12C91F154A3D00D505FE /* LoginViewController.swift */; };
		FACF12CF1F154A8700D505FE /* ProfileViewController.swift in Sources */ = {isa = PBXBuildFile; fileRef = FACF12CE1F154A8700D505FE /* ProfileViewController.swift */; };
		FACF12D21F156E8C00D505FE /* ProfileCell.swift in Sources */ = {isa = PBXBuildFile; fileRef = FACF12D11F156E8C00D505FE /* ProfileCell.swift */; };
		FAD3513A1F1597FE00998CCA /* User.swift in Sources */ = {isa = PBXBuildFile; fileRef = FAD351391F1597FE00998CCA /* User.swift */; };
/* End PBXBuildFile section */

/* Begin PBXContainerItemProxy section */
		FACF12AD1F15476300D505FE /* PBXContainerItemProxy */ = {
			isa = PBXContainerItemProxy;
			containerPortal = FACF12901F15476200D505FE /* Project object */;
			proxyType = 1;
			remoteGlobalIDString = FACF12971F15476200D505FE;
			remoteInfo = Goals;
		};
		FACF12B81F15476300D505FE /* PBXContainerItemProxy */ = {
			isa = PBXContainerItemProxy;
			containerPortal = FACF12901F15476200D505FE /* Project object */;
			proxyType = 1;
			remoteGlobalIDString = FACF12971F15476200D505FE;
			remoteInfo = Goals;
		};
/* End PBXContainerItemProxy section */

/* Begin PBXFileReference section */
		1FCD39C47ED1A6703B4F8F14 /* Pods-Goals.debug.xcconfig */ = {isa = PBXFileReference; includeInIndex = 1; lastKnownFileType = text.xcconfig; name = "Pods-Goals.debug.xcconfig"; path = "Pods/Target Support Files/Pods-Goals/Pods-Goals.debug.xcconfig"; sourceTree = "<group>"; };
		7D58FA351BA108AA49E998F0 /* Pods-GoalsUITests.debug.xcconfig */ = {isa = PBXFileReference; includeInIndex = 1; lastKnownFileType = text.xcconfig; name = "Pods-GoalsUITests.debug.xcconfig"; path = "Pods/Target Support Files/Pods-GoalsUITests/Pods-GoalsUITests.debug.xcconfig"; sourceTree = "<group>"; };
		7E38DFDA1F15813400DEF47C /* Update.swift */ = {isa = PBXFileReference; fileEncoding = 4; lastKnownFileType = sourcecode.swift; path = Update.swift; sourceTree = "<group>"; };
		7E6B47FE1F169CE00079AC1F /* Goal.swift */ = {isa = PBXFileReference; fileEncoding = 4; lastKnownFileType = sourcecode.swift; path = Goal.swift; sourceTree = "<group>"; };
		7E8642001F156F9500EE968A /* FeedCell.swift */ = {isa = PBXFileReference; fileEncoding = 4; lastKnownFileType = sourcecode.swift; name = FeedCell.swift; path = ../FeedCell.swift; sourceTree = "<group>"; };
		7EEEFB161F158A6E004A29EC /* FeedViewController.swift */ = {isa = PBXFileReference; fileEncoding = 4; lastKnownFileType = sourcecode.swift; path = FeedViewController.swift; sourceTree = "<group>"; };
		7EF1FFD41F158598000DA708 /* ExploreViewController.swift */ = {isa = PBXFileReference; fileEncoding = 4; lastKnownFileType = sourcecode.swift; path = ExploreViewController.swift; sourceTree = "<group>"; };
		8B1C5447CB4A291F000D9875 /* Pods-GoalsUITests.release.xcconfig */ = {isa = PBXFileReference; includeInIndex = 1; lastKnownFileType = text.xcconfig; name = "Pods-GoalsUITests.release.xcconfig"; path = "Pods/Target Support Files/Pods-GoalsUITests/Pods-GoalsUITests.release.xcconfig"; sourceTree = "<group>"; };
		A3870FB33249FFA01E80B856 /* Pods-GoalsTests.release.xcconfig */ = {isa = PBXFileReference; includeInIndex = 1; lastKnownFileType = text.xcconfig; name = "Pods-GoalsTests.release.xcconfig"; path = "Pods/Target Support Files/Pods-GoalsTests/Pods-GoalsTests.release.xcconfig"; sourceTree = "<group>"; };
		A9A37E25EFEFAC2CCC5DABED /* Pods_GoalsUITests.framework */ = {isa = PBXFileReference; explicitFileType = wrapper.framework; includeInIndex = 0; path = Pods_GoalsUITests.framework; sourceTree = BUILT_PRODUCTS_DIR; };
		B87C87ED1F156E9300F58517 /* PostViewController.swift */ = {isa = PBXFileReference; fileEncoding = 4; lastKnownFileType = sourcecode.swift; path = PostViewController.swift; sourceTree = "<group>"; };
		B87C87EF1F159AE100F58517 /* DetailViewController.swift */ = {isa = PBXFileReference; fileEncoding = 4; lastKnownFileType = sourcecode.swift; path = DetailViewController.swift; sourceTree = "<group>"; };
		B87C87F11F169B5500F58517 /* EditProfileViewController.swift */ = {isa = PBXFileReference; fileEncoding = 4; lastKnownFileType = sourcecode.swift; path = EditProfileViewController.swift; sourceTree = "<group>"; };
		CB4F6A01BA5261F1C95C9952 /* Pods-GoalsTests.debug.xcconfig */ = {isa = PBXFileReference; includeInIndex = 1; lastKnownFileType = text.xcconfig; name = "Pods-GoalsTests.debug.xcconfig"; path = "Pods/Target Support Files/Pods-GoalsTests/Pods-GoalsTests.debug.xcconfig"; sourceTree = "<group>"; };
		CF3584AB59D862ECDED6FA78 /* Pods-Goals.release.xcconfig */ = {isa = PBXFileReference; includeInIndex = 1; lastKnownFileType = text.xcconfig; name = "Pods-Goals.release.xcconfig"; path = "Pods/Target Support Files/Pods-Goals/Pods-Goals.release.xcconfig"; sourceTree = "<group>"; };
		E339925FD6B14DCCACECDAC9 /* Pods_GoalsTests.framework */ = {isa = PBXFileReference; explicitFileType = wrapper.framework; includeInIndex = 0; path = Pods_GoalsTests.framework; sourceTree = BUILT_PRODUCTS_DIR; };
		FACF12981F15476200D505FE /* Goals.app */ = {isa = PBXFileReference; explicitFileType = wrapper.application; includeInIndex = 0; path = Goals.app; sourceTree = BUILT_PRODUCTS_DIR; };
		FACF129B1F15476200D505FE /* AppDelegate.swift */ = {isa = PBXFileReference; lastKnownFileType = sourcecode.swift; path = AppDelegate.swift; sourceTree = "<group>"; };
		FACF12A01F15476200D505FE /* Base */ = {isa = PBXFileReference; lastKnownFileType = file.storyboard; name = Base; path = Base.lproj/Main.storyboard; sourceTree = "<group>"; };
		FACF12A21F15476200D505FE /* Assets.xcassets */ = {isa = PBXFileReference; lastKnownFileType = folder.assetcatalog; path = Assets.xcassets; sourceTree = "<group>"; };
		FACF12A51F15476200D505FE /* Base */ = {isa = PBXFileReference; lastKnownFileType = file.storyboard; name = Base; path = Base.lproj/LaunchScreen.storyboard; sourceTree = "<group>"; };
		FACF12A71F15476200D505FE /* Info.plist */ = {isa = PBXFileReference; lastKnownFileType = text.plist.xml; path = Info.plist; sourceTree = "<group>"; };
		FACF12AC1F15476300D505FE /* GoalsTests.xctest */ = {isa = PBXFileReference; explicitFileType = wrapper.cfbundle; includeInIndex = 0; path = GoalsTests.xctest; sourceTree = BUILT_PRODUCTS_DIR; };
		FACF12B01F15476300D505FE /* GoalsTests.swift */ = {isa = PBXFileReference; lastKnownFileType = sourcecode.swift; path = GoalsTests.swift; sourceTree = "<group>"; };
		FACF12B21F15476300D505FE /* Info.plist */ = {isa = PBXFileReference; lastKnownFileType = text.plist.xml; path = Info.plist; sourceTree = "<group>"; };
		FACF12B71F15476300D505FE /* GoalsUITests.xctest */ = {isa = PBXFileReference; explicitFileType = wrapper.cfbundle; includeInIndex = 0; path = GoalsUITests.xctest; sourceTree = BUILT_PRODUCTS_DIR; };
		FACF12BB1F15476300D505FE /* GoalsUITests.swift */ = {isa = PBXFileReference; lastKnownFileType = sourcecode.swift; path = GoalsUITests.swift; sourceTree = "<group>"; };
		FACF12BD1F15476300D505FE /* Info.plist */ = {isa = PBXFileReference; lastKnownFileType = text.plist.xml; path = Info.plist; sourceTree = "<group>"; };
		FACF12C91F154A3D00D505FE /* LoginViewController.swift */ = {isa = PBXFileReference; fileEncoding = 4; lastKnownFileType = sourcecode.swift; path = LoginViewController.swift; sourceTree = "<group>"; };
		FACF12CE1F154A8700D505FE /* ProfileViewController.swift */ = {isa = PBXFileReference; fileEncoding = 4; lastKnownFileType = sourcecode.swift; path = ProfileViewController.swift; sourceTree = "<group>"; };
		FACF12D11F156E8C00D505FE /* ProfileCell.swift */ = {isa = PBXFileReference; fileEncoding = 4; lastKnownFileType = sourcecode.swift; path = ProfileCell.swift; sourceTree = "<group>"; };
		FAD351391F1597FE00998CCA /* User.swift */ = {isa = PBXFileReference; fileEncoding = 4; lastKnownFileType = sourcecode.swift; path = User.swift; sourceTree = "<group>"; };
		FFBA34B6999BBB6E2B553F30 /* Pods_Goals.framework */ = {isa = PBXFileReference; explicitFileType = wrapper.framework; includeInIndex = 0; path = Pods_Goals.framework; sourceTree = BUILT_PRODUCTS_DIR; };
/* End PBXFileReference section */

/* Begin PBXFrameworksBuildPhase section */
		FACF12951F15476200D505FE /* Frameworks */ = {
			isa = PBXFrameworksBuildPhase;
			buildActionMask = 2147483647;
			files = (
				770E9622CD194284E248B22C /* Pods_Goals.framework in Frameworks */,
			);
			runOnlyForDeploymentPostprocessing = 0;
		};
		FACF12A91F15476300D505FE /* Frameworks */ = {
			isa = PBXFrameworksBuildPhase;
			buildActionMask = 2147483647;
			files = (
				15A2C043446242E87172231A /* Pods_GoalsTests.framework in Frameworks */,
			);
			runOnlyForDeploymentPostprocessing = 0;
		};
		FACF12B41F15476300D505FE /* Frameworks */ = {
			isa = PBXFrameworksBuildPhase;
			buildActionMask = 2147483647;
			files = (
				55FD199C341B1A7428EE3609 /* Pods_GoalsUITests.framework in Frameworks */,
			);
			runOnlyForDeploymentPostprocessing = 0;
		};
/* End PBXFrameworksBuildPhase section */

/* Begin PBXGroup section */
		7E8642021F156FCA00EE968A /* Views */ = {
			isa = PBXGroup;
			children = (
				7E8642001F156F9500EE968A /* FeedCell.swift */,
				FACF12D11F156E8C00D505FE /* ProfileCell.swift */,
			);
			name = Views;
			sourceTree = "<group>";
		};
		81C301CB7A53EF2C808BEF11 /* Frameworks */ = {
			isa = PBXGroup;
			children = (
				FFBA34B6999BBB6E2B553F30 /* Pods_Goals.framework */,
				E339925FD6B14DCCACECDAC9 /* Pods_GoalsTests.framework */,
				A9A37E25EFEFAC2CCC5DABED /* Pods_GoalsUITests.framework */,
			);
			name = Frameworks;
			sourceTree = "<group>";
		};
		E64F989BD35B8EB344785181 /* Pods */ = {
			isa = PBXGroup;
			children = (
				1FCD39C47ED1A6703B4F8F14 /* Pods-Goals.debug.xcconfig */,
				CF3584AB59D862ECDED6FA78 /* Pods-Goals.release.xcconfig */,
				CB4F6A01BA5261F1C95C9952 /* Pods-GoalsTests.debug.xcconfig */,
				A3870FB33249FFA01E80B856 /* Pods-GoalsTests.release.xcconfig */,
				7D58FA351BA108AA49E998F0 /* Pods-GoalsUITests.debug.xcconfig */,
				8B1C5447CB4A291F000D9875 /* Pods-GoalsUITests.release.xcconfig */,
			);
			name = Pods;
			sourceTree = "<group>";
		};
		FACF128F1F15476200D505FE = {
			isa = PBXGroup;
			children = (
				FACF129A1F15476200D505FE /* Goals */,
				FACF12AF1F15476300D505FE /* GoalsTests */,
				FACF12BA1F15476300D505FE /* GoalsUITests */,
				FACF12991F15476200D505FE /* Products */,
				E64F989BD35B8EB344785181 /* Pods */,
				81C301CB7A53EF2C808BEF11 /* Frameworks */,
			);
			sourceTree = "<group>";
		};
		FACF12991F15476200D505FE /* Products */ = {
			isa = PBXGroup;
			children = (
				FACF12981F15476200D505FE /* Goals.app */,
				FACF12AC1F15476300D505FE /* GoalsTests.xctest */,
				FACF12B71F15476300D505FE /* GoalsUITests.xctest */,
			);
			name = Products;
			sourceTree = "<group>";
		};
		FACF129A1F15476200D505FE /* Goals */ = {
			isa = PBXGroup;
			children = (
				FACF129B1F15476200D505FE /* AppDelegate.swift */,
				FACF129F1F15476200D505FE /* Main.storyboard */,
				FACF12D31F156F3F00D505FE /* Models */,
				FACF12CB1F154A4600D505FE /* View Controllers */,
				7E8642021F156FCA00EE968A /* Views */,
				FACF12A21F15476200D505FE /* Assets.xcassets */,
				FACF12A41F15476200D505FE /* LaunchScreen.storyboard */,
				FACF12A71F15476200D505FE /* Info.plist */,
			);
			path = Goals;
			sourceTree = "<group>";
		};
		FACF12AF1F15476300D505FE /* GoalsTests */ = {
			isa = PBXGroup;
			children = (
				FACF12B01F15476300D505FE /* GoalsTests.swift */,
				FACF12B21F15476300D505FE /* Info.plist */,
			);
			path = GoalsTests;
			sourceTree = "<group>";
		};
		FACF12BA1F15476300D505FE /* GoalsUITests */ = {
			isa = PBXGroup;
			children = (
				FACF12BB1F15476300D505FE /* GoalsUITests.swift */,
				FACF12BD1F15476300D505FE /* Info.plist */,
			);
			path = GoalsUITests;
			sourceTree = "<group>";
		};
		FACF12CB1F154A4600D505FE /* View Controllers */ = {
			isa = PBXGroup;
			children = (
				FACF12C91F154A3D00D505FE /* LoginViewController.swift */,
				7EEEFB161F158A6E004A29EC /* FeedViewController.swift */,
				FACF12CE1F154A8700D505FE /* ProfileViewController.swift */,
				7EF1FFD41F158598000DA708 /* ExploreViewController.swift */,
				B87C87ED1F156E9300F58517 /* PostViewController.swift */,
				B87C87EF1F159AE100F58517 /* DetailViewController.swift */,
				B87C87F11F169B5500F58517 /* EditProfileViewController.swift */,
			);
			name = "View Controllers";
			sourceTree = "<group>";
		};
		FACF12D31F156F3F00D505FE /* Models */ = {
			isa = PBXGroup;
			children = (
				7E6B47FE1F169CE00079AC1F /* Goal.swift */,
				7E38DFDA1F15813400DEF47C /* Update.swift */,
				FAD351391F1597FE00998CCA /* User.swift */,
			);
			name = Models;
			sourceTree = "<group>";
		};
/* End PBXGroup section */

/* Begin PBXNativeTarget section */
		FACF12971F15476200D505FE /* Goals */ = {
			isa = PBXNativeTarget;
			buildConfigurationList = FACF12C01F15476300D505FE /* Build configuration list for PBXNativeTarget "Goals" */;
			buildPhases = (
				4D7C535843802FC61339075E /* [CP] Check Pods Manifest.lock */,
				FACF12941F15476200D505FE /* Sources */,
				FACF12951F15476200D505FE /* Frameworks */,
				FACF12961F15476200D505FE /* Resources */,
				19C19582D04F45CDC98F83A7 /* [CP] Embed Pods Frameworks */,
				9B7BEB89B97ECDFF3CC53158 /* [CP] Copy Pods Resources */,
			);
			buildRules = (
			);
			dependencies = (
			);
			name = Goals;
			productName = Goals;
			productReference = FACF12981F15476200D505FE /* Goals.app */;
			productType = "com.apple.product-type.application";
		};
		FACF12AB1F15476300D505FE /* GoalsTests */ = {
			isa = PBXNativeTarget;
			buildConfigurationList = FACF12C31F15476300D505FE /* Build configuration list for PBXNativeTarget "GoalsTests" */;
			buildPhases = (
				2DBCC10CB3912C6423E2CDAC /* [CP] Check Pods Manifest.lock */,
				FACF12A81F15476300D505FE /* Sources */,
				FACF12A91F15476300D505FE /* Frameworks */,
				FACF12AA1F15476300D505FE /* Resources */,
				B3F6C79B201B3933C70B4242 /* [CP] Embed Pods Frameworks */,
				408D0B6D883E5940D547451A /* [CP] Copy Pods Resources */,
			);
			buildRules = (
			);
			dependencies = (
				FACF12AE1F15476300D505FE /* PBXTargetDependency */,
			);
			name = GoalsTests;
			productName = GoalsTests;
			productReference = FACF12AC1F15476300D505FE /* GoalsTests.xctest */;
			productType = "com.apple.product-type.bundle.unit-test";
		};
		FACF12B61F15476300D505FE /* GoalsUITests */ = {
			isa = PBXNativeTarget;
			buildConfigurationList = FACF12C61F15476300D505FE /* Build configuration list for PBXNativeTarget "GoalsUITests" */;
			buildPhases = (
				AEC39B534A05A85A81168CFD /* [CP] Check Pods Manifest.lock */,
				FACF12B31F15476300D505FE /* Sources */,
				FACF12B41F15476300D505FE /* Frameworks */,
				FACF12B51F15476300D505FE /* Resources */,
				480717B2E291B8B949514684 /* [CP] Embed Pods Frameworks */,
				FE278261D9A8683C587A2B58 /* [CP] Copy Pods Resources */,
			);
			buildRules = (
			);
			dependencies = (
				FACF12B91F15476300D505FE /* PBXTargetDependency */,
			);
			name = GoalsUITests;
			productName = GoalsUITests;
			productReference = FACF12B71F15476300D505FE /* GoalsUITests.xctest */;
			productType = "com.apple.product-type.bundle.ui-testing";
		};
/* End PBXNativeTarget section */

/* Begin PBXProject section */
		FACF12901F15476200D505FE /* Project object */ = {
			isa = PBXProject;
			attributes = {
				LastSwiftUpdateCheck = 0830;
				LastUpgradeCheck = 0830;
				ORGANIZATIONNAME = "Isabella Teng";
				TargetAttributes = {
					FACF12971F15476200D505FE = {
						CreatedOnToolsVersion = 8.3.2;
						ProvisioningStyle = Automatic;
					};
					FACF12AB1F15476300D505FE = {
						CreatedOnToolsVersion = 8.3.2;
						ProvisioningStyle = Automatic;
						TestTargetID = FACF12971F15476200D505FE;
					};
					FACF12B61F15476300D505FE = {
						CreatedOnToolsVersion = 8.3.2;
						ProvisioningStyle = Automatic;
						TestTargetID = FACF12971F15476200D505FE;
					};
				};
			};
			buildConfigurationList = FACF12931F15476200D505FE /* Build configuration list for PBXProject "Goals" */;
			compatibilityVersion = "Xcode 3.2";
			developmentRegion = English;
			hasScannedForEncodings = 0;
			knownRegions = (
				en,
				Base,
			);
			mainGroup = FACF128F1F15476200D505FE;
			productRefGroup = FACF12991F15476200D505FE /* Products */;
			projectDirPath = "";
			projectRoot = "";
			targets = (
				FACF12971F15476200D505FE /* Goals */,
				FACF12AB1F15476300D505FE /* GoalsTests */,
				FACF12B61F15476300D505FE /* GoalsUITests */,
			);
		};
/* End PBXProject section */

/* Begin PBXResourcesBuildPhase section */
		FACF12961F15476200D505FE /* Resources */ = {
			isa = PBXResourcesBuildPhase;
			buildActionMask = 2147483647;
			files = (
				FACF12A61F15476200D505FE /* LaunchScreen.storyboard in Resources */,
				FACF12A31F15476200D505FE /* Assets.xcassets in Resources */,
				FACF12A11F15476200D505FE /* Main.storyboard in Resources */,
			);
			runOnlyForDeploymentPostprocessing = 0;
		};
		FACF12AA1F15476300D505FE /* Resources */ = {
			isa = PBXResourcesBuildPhase;
			buildActionMask = 2147483647;
			files = (
			);
			runOnlyForDeploymentPostprocessing = 0;
		};
		FACF12B51F15476300D505FE /* Resources */ = {
			isa = PBXResourcesBuildPhase;
			buildActionMask = 2147483647;
			files = (
			);
			runOnlyForDeploymentPostprocessing = 0;
		};
/* End PBXResourcesBuildPhase section */

/* Begin PBXShellScriptBuildPhase section */
		19C19582D04F45CDC98F83A7 /* [CP] Embed Pods Frameworks */ = {
			isa = PBXShellScriptBuildPhase;
			buildActionMask = 2147483647;
			files = (
			);
			inputPaths = (
			);
			name = "[CP] Embed Pods Frameworks";
			outputPaths = (
			);
			runOnlyForDeploymentPostprocessing = 0;
			shellPath = /bin/sh;
			shellScript = "\"${SRCROOT}/Pods/Target Support Files/Pods-Goals/Pods-Goals-frameworks.sh\"\n";
			showEnvVarsInLog = 0;
		};
		2DBCC10CB3912C6423E2CDAC /* [CP] Check Pods Manifest.lock */ = {
			isa = PBXShellScriptBuildPhase;
			buildActionMask = 2147483647;
			files = (
			);
			inputPaths = (
			);
			name = "[CP] Check Pods Manifest.lock";
			outputPaths = (
			);
			runOnlyForDeploymentPostprocessing = 0;
			shellPath = /bin/sh;
			shellScript = "diff \"${PODS_PODFILE_DIR_PATH}/Podfile.lock\" \"${PODS_ROOT}/Manifest.lock\" > /dev/null\nif [ $? != 0 ] ; then\n    # print error to STDERR\n    echo \"error: The sandbox is not in sync with the Podfile.lock. Run 'pod install' or update your CocoaPods installation.\" >&2\n    exit 1\nfi\n";
			showEnvVarsInLog = 0;
		};
		408D0B6D883E5940D547451A /* [CP] Copy Pods Resources */ = {
			isa = PBXShellScriptBuildPhase;
			buildActionMask = 2147483647;
			files = (
			);
			inputPaths = (
			);
			name = "[CP] Copy Pods Resources";
			outputPaths = (
			);
			runOnlyForDeploymentPostprocessing = 0;
			shellPath = /bin/sh;
			shellScript = "\"${SRCROOT}/Pods/Target Support Files/Pods-GoalsTests/Pods-GoalsTests-resources.sh\"\n";
			showEnvVarsInLog = 0;
		};
		480717B2E291B8B949514684 /* [CP] Embed Pods Frameworks */ = {
			isa = PBXShellScriptBuildPhase;
			buildActionMask = 2147483647;
			files = (
			);
			inputPaths = (
			);
			name = "[CP] Embed Pods Frameworks";
			outputPaths = (
			);
			runOnlyForDeploymentPostprocessing = 0;
			shellPath = /bin/sh;
			shellScript = "\"${SRCROOT}/Pods/Target Support Files/Pods-GoalsUITests/Pods-GoalsUITests-frameworks.sh\"\n";
			showEnvVarsInLog = 0;
		};
		4D7C535843802FC61339075E /* [CP] Check Pods Manifest.lock */ = {
			isa = PBXShellScriptBuildPhase;
			buildActionMask = 2147483647;
			files = (
			);
			inputPaths = (
			);
			name = "[CP] Check Pods Manifest.lock";
			outputPaths = (
			);
			runOnlyForDeploymentPostprocessing = 0;
			shellPath = /bin/sh;
			shellScript = "diff \"${PODS_PODFILE_DIR_PATH}/Podfile.lock\" \"${PODS_ROOT}/Manifest.lock\" > /dev/null\nif [ $? != 0 ] ; then\n    # print error to STDERR\n    echo \"error: The sandbox is not in sync with the Podfile.lock. Run 'pod install' or update your CocoaPods installation.\" >&2\n    exit 1\nfi\n";
			showEnvVarsInLog = 0;
		};
		9B7BEB89B97ECDFF3CC53158 /* [CP] Copy Pods Resources */ = {
			isa = PBXShellScriptBuildPhase;
			buildActionMask = 2147483647;
			files = (
			);
			inputPaths = (
			);
			name = "[CP] Copy Pods Resources";
			outputPaths = (
			);
			runOnlyForDeploymentPostprocessing = 0;
			shellPath = /bin/sh;
			shellScript = "\"${SRCROOT}/Pods/Target Support Files/Pods-Goals/Pods-Goals-resources.sh\"\n";
			showEnvVarsInLog = 0;
		};
		AEC39B534A05A85A81168CFD /* [CP] Check Pods Manifest.lock */ = {
			isa = PBXShellScriptBuildPhase;
			buildActionMask = 2147483647;
			files = (
			);
			inputPaths = (
			);
			name = "[CP] Check Pods Manifest.lock";
			outputPaths = (
			);
			runOnlyForDeploymentPostprocessing = 0;
			shellPath = /bin/sh;
			shellScript = "diff \"${PODS_PODFILE_DIR_PATH}/Podfile.lock\" \"${PODS_ROOT}/Manifest.lock\" > /dev/null\nif [ $? != 0 ] ; then\n    # print error to STDERR\n    echo \"error: The sandbox is not in sync with the Podfile.lock. Run 'pod install' or update your CocoaPods installation.\" >&2\n    exit 1\nfi\n";
			showEnvVarsInLog = 0;
		};
		B3F6C79B201B3933C70B4242 /* [CP] Embed Pods Frameworks */ = {
			isa = PBXShellScriptBuildPhase;
			buildActionMask = 2147483647;
			files = (
			);
			inputPaths = (
			);
			name = "[CP] Embed Pods Frameworks";
			outputPaths = (
			);
			runOnlyForDeploymentPostprocessing = 0;
			shellPath = /bin/sh;
			shellScript = "\"${SRCROOT}/Pods/Target Support Files/Pods-GoalsTests/Pods-GoalsTests-frameworks.sh\"\n";
			showEnvVarsInLog = 0;
		};
		FE278261D9A8683C587A2B58 /* [CP] Copy Pods Resources */ = {
			isa = PBXShellScriptBuildPhase;
			buildActionMask = 2147483647;
			files = (
			);
			inputPaths = (
			);
			name = "[CP] Copy Pods Resources";
			outputPaths = (
			);
			runOnlyForDeploymentPostprocessing = 0;
			shellPath = /bin/sh;
			shellScript = "\"${SRCROOT}/Pods/Target Support Files/Pods-GoalsUITests/Pods-GoalsUITests-resources.sh\"\n";
			showEnvVarsInLog = 0;
		};
/* End PBXShellScriptBuildPhase section */

/* Begin PBXSourcesBuildPhase section */
		FACF12941F15476200D505FE /* Sources */ = {
			isa = PBXSourcesBuildPhase;
			buildActionMask = 2147483647;
			files = (
				B87C87EE1F156E9300F58517 /* PostViewController.swift in Sources */,
				FACF12CA1F154A3D00D505FE /* LoginViewController.swift in Sources */,
				7EEEFB171F158A6E004A29EC /* FeedViewController.swift in Sources */,
				7E8642011F156F9500EE968A /* FeedCell.swift in Sources */,
				7E6B47FF1F169CE00079AC1F /* Goal.swift in Sources */,
				FACF12CF1F154A8700D505FE /* ProfileViewController.swift in Sources */,
				7EF1FFD51F158598000DA708 /* ExploreViewController.swift in Sources */,
				FACF129C1F15476200D505FE /* AppDelegate.swift in Sources */,
				B87C87F01F159AE100F58517 /* DetailViewController.swift in Sources */,
				B87C87F21F169B5500F58517 /* EditProfileViewController.swift in Sources */,
				7E38DFDB1F15813400DEF47C /* Update.swift in Sources */,
				FAD3513A1F1597FE00998CCA /* User.swift in Sources */,
				FACF12D21F156E8C00D505FE /* ProfileCell.swift in Sources */,
			);
			runOnlyForDeploymentPostprocessing = 0;
		};
		FACF12A81F15476300D505FE /* Sources */ = {
			isa = PBXSourcesBuildPhase;
			buildActionMask = 2147483647;
			files = (
				FACF12B11F15476300D505FE /* GoalsTests.swift in Sources */,
			);
			runOnlyForDeploymentPostprocessing = 0;
		};
		FACF12B31F15476300D505FE /* Sources */ = {
			isa = PBXSourcesBuildPhase;
			buildActionMask = 2147483647;
			files = (
				FACF12BC1F15476300D505FE /* GoalsUITests.swift in Sources */,
			);
			runOnlyForDeploymentPostprocessing = 0;
		};
/* End PBXSourcesBuildPhase section */

/* Begin PBXTargetDependency section */
		FACF12AE1F15476300D505FE /* PBXTargetDependency */ = {
			isa = PBXTargetDependency;
			target = FACF12971F15476200D505FE /* Goals */;
			targetProxy = FACF12AD1F15476300D505FE /* PBXContainerItemProxy */;
		};
		FACF12B91F15476300D505FE /* PBXTargetDependency */ = {
			isa = PBXTargetDependency;
			target = FACF12971F15476200D505FE /* Goals */;
			targetProxy = FACF12B81F15476300D505FE /* PBXContainerItemProxy */;
		};
/* End PBXTargetDependency section */

/* Begin PBXVariantGroup section */
		FACF129F1F15476200D505FE /* Main.storyboard */ = {
			isa = PBXVariantGroup;
			children = (
				FACF12A01F15476200D505FE /* Base */,
			);
			name = Main.storyboard;
			sourceTree = "<group>";
		};
		FACF12A41F15476200D505FE /* LaunchScreen.storyboard */ = {
			isa = PBXVariantGroup;
			children = (
				FACF12A51F15476200D505FE /* Base */,
			);
			name = LaunchScreen.storyboard;
			sourceTree = "<group>";
		};
/* End PBXVariantGroup section */

/* Begin XCBuildConfiguration section */
		FACF12BE1F15476300D505FE /* Debug */ = {
			isa = XCBuildConfiguration;
			buildSettings = {
				ALWAYS_SEARCH_USER_PATHS = NO;
				CLANG_ANALYZER_NONNULL = YES;
				CLANG_ANALYZER_NUMBER_OBJECT_CONVERSION = YES_AGGRESSIVE;
				CLANG_CXX_LANGUAGE_STANDARD = "gnu++0x";
				CLANG_CXX_LIBRARY = "libc++";
				CLANG_ENABLE_MODULES = YES;
				CLANG_ENABLE_OBJC_ARC = YES;
				CLANG_WARN_BOOL_CONVERSION = YES;
				CLANG_WARN_CONSTANT_CONVERSION = YES;
				CLANG_WARN_DIRECT_OBJC_ISA_USAGE = YES_ERROR;
				CLANG_WARN_DOCUMENTATION_COMMENTS = YES;
				CLANG_WARN_EMPTY_BODY = YES;
				CLANG_WARN_ENUM_CONVERSION = YES;
				CLANG_WARN_INFINITE_RECURSION = YES;
				CLANG_WARN_INT_CONVERSION = YES;
				CLANG_WARN_OBJC_ROOT_CLASS = YES_ERROR;
				CLANG_WARN_SUSPICIOUS_MOVE = YES;
				CLANG_WARN_UNREACHABLE_CODE = YES;
				CLANG_WARN__DUPLICATE_METHOD_MATCH = YES;
				"CODE_SIGN_IDENTITY[sdk=iphoneos*]" = "iPhone Developer";
				COPY_PHASE_STRIP = NO;
				DEBUG_INFORMATION_FORMAT = dwarf;
				ENABLE_STRICT_OBJC_MSGSEND = YES;
				ENABLE_TESTABILITY = YES;
				GCC_C_LANGUAGE_STANDARD = gnu99;
				GCC_DYNAMIC_NO_PIC = NO;
				GCC_NO_COMMON_BLOCKS = YES;
				GCC_OPTIMIZATION_LEVEL = 0;
				GCC_PREPROCESSOR_DEFINITIONS = (
					"DEBUG=1",
					"$(inherited)",
				);
				GCC_WARN_64_TO_32_BIT_CONVERSION = YES;
				GCC_WARN_ABOUT_RETURN_TYPE = YES_ERROR;
				GCC_WARN_UNDECLARED_SELECTOR = YES;
				GCC_WARN_UNINITIALIZED_AUTOS = YES_AGGRESSIVE;
				GCC_WARN_UNUSED_FUNCTION = YES;
				GCC_WARN_UNUSED_VARIABLE = YES;
				IPHONEOS_DEPLOYMENT_TARGET = 10.3;
				MTL_ENABLE_DEBUG_INFO = YES;
				ONLY_ACTIVE_ARCH = YES;
				SDKROOT = iphoneos;
				SWIFT_ACTIVE_COMPILATION_CONDITIONS = DEBUG;
				SWIFT_OPTIMIZATION_LEVEL = "-Onone";
				TARGETED_DEVICE_FAMILY = "1,2";
			};
			name = Debug;
		};
		FACF12BF1F15476300D505FE /* Release */ = {
			isa = XCBuildConfiguration;
			buildSettings = {
				ALWAYS_SEARCH_USER_PATHS = NO;
				CLANG_ANALYZER_NONNULL = YES;
				CLANG_ANALYZER_NUMBER_OBJECT_CONVERSION = YES_AGGRESSIVE;
				CLANG_CXX_LANGUAGE_STANDARD = "gnu++0x";
				CLANG_CXX_LIBRARY = "libc++";
				CLANG_ENABLE_MODULES = YES;
				CLANG_ENABLE_OBJC_ARC = YES;
				CLANG_WARN_BOOL_CONVERSION = YES;
				CLANG_WARN_CONSTANT_CONVERSION = YES;
				CLANG_WARN_DIRECT_OBJC_ISA_USAGE = YES_ERROR;
				CLANG_WARN_DOCUMENTATION_COMMENTS = YES;
				CLANG_WARN_EMPTY_BODY = YES;
				CLANG_WARN_ENUM_CONVERSION = YES;
				CLANG_WARN_INFINITE_RECURSION = YES;
				CLANG_WARN_INT_CONVERSION = YES;
				CLANG_WARN_OBJC_ROOT_CLASS = YES_ERROR;
				CLANG_WARN_SUSPICIOUS_MOVE = YES;
				CLANG_WARN_UNREACHABLE_CODE = YES;
				CLANG_WARN__DUPLICATE_METHOD_MATCH = YES;
				"CODE_SIGN_IDENTITY[sdk=iphoneos*]" = "iPhone Developer";
				COPY_PHASE_STRIP = NO;
				DEBUG_INFORMATION_FORMAT = "dwarf-with-dsym";
				ENABLE_NS_ASSERTIONS = NO;
				ENABLE_STRICT_OBJC_MSGSEND = YES;
				GCC_C_LANGUAGE_STANDARD = gnu99;
				GCC_NO_COMMON_BLOCKS = YES;
				GCC_WARN_64_TO_32_BIT_CONVERSION = YES;
				GCC_WARN_ABOUT_RETURN_TYPE = YES_ERROR;
				GCC_WARN_UNDECLARED_SELECTOR = YES;
				GCC_WARN_UNINITIALIZED_AUTOS = YES_AGGRESSIVE;
				GCC_WARN_UNUSED_FUNCTION = YES;
				GCC_WARN_UNUSED_VARIABLE = YES;
				IPHONEOS_DEPLOYMENT_TARGET = 10.3;
				MTL_ENABLE_DEBUG_INFO = NO;
				SDKROOT = iphoneos;
				SWIFT_OPTIMIZATION_LEVEL = "-Owholemodule";
				TARGETED_DEVICE_FAMILY = "1,2";
				VALIDATE_PRODUCT = YES;
			};
			name = Release;
		};
		FACF12C11F15476300D505FE /* Debug */ = {
			isa = XCBuildConfiguration;
			baseConfigurationReference = 1FCD39C47ED1A6703B4F8F14 /* Pods-Goals.debug.xcconfig */;
			buildSettings = {
				ASSETCATALOG_COMPILER_APPICON_NAME = AppIcon;
				INFOPLIST_FILE = Goals/Info.plist;
				LD_RUNPATH_SEARCH_PATHS = "$(inherited) @executable_path/Frameworks";
				PRODUCT_BUNDLE_IDENTIFIER = com.isabella.Goals;
				PRODUCT_NAME = "$(TARGET_NAME)";
				SWIFT_VERSION = 3.0;
			};
			name = Debug;
		};
		FACF12C21F15476300D505FE /* Release */ = {
			isa = XCBuildConfiguration;
			baseConfigurationReference = CF3584AB59D862ECDED6FA78 /* Pods-Goals.release.xcconfig */;
			buildSettings = {
				ASSETCATALOG_COMPILER_APPICON_NAME = AppIcon;
				INFOPLIST_FILE = Goals/Info.plist;
				LD_RUNPATH_SEARCH_PATHS = "$(inherited) @executable_path/Frameworks";
				PRODUCT_BUNDLE_IDENTIFIER = com.isabella.Goals;
				PRODUCT_NAME = "$(TARGET_NAME)";
				SWIFT_VERSION = 3.0;
			};
			name = Release;
		};
		FACF12C41F15476300D505FE /* Debug */ = {
			isa = XCBuildConfiguration;
			baseConfigurationReference = CB4F6A01BA5261F1C95C9952 /* Pods-GoalsTests.debug.xcconfig */;
			buildSettings = {
				ALWAYS_EMBED_SWIFT_STANDARD_LIBRARIES = YES;
				BUNDLE_LOADER = "$(TEST_HOST)";
				INFOPLIST_FILE = GoalsTests/Info.plist;
				LD_RUNPATH_SEARCH_PATHS = "$(inherited) @executable_path/Frameworks @loader_path/Frameworks";
				PRODUCT_BUNDLE_IDENTIFIER = com.isabella.GoalsTests;
				PRODUCT_NAME = "$(TARGET_NAME)";
				SWIFT_VERSION = 3.0;
				TEST_HOST = "$(BUILT_PRODUCTS_DIR)/Goals.app/Goals";
			};
			name = Debug;
		};
		FACF12C51F15476300D505FE /* Release */ = {
			isa = XCBuildConfiguration;
			baseConfigurationReference = A3870FB33249FFA01E80B856 /* Pods-GoalsTests.release.xcconfig */;
			buildSettings = {
				ALWAYS_EMBED_SWIFT_STANDARD_LIBRARIES = YES;
				BUNDLE_LOADER = "$(TEST_HOST)";
				INFOPLIST_FILE = GoalsTests/Info.plist;
				LD_RUNPATH_SEARCH_PATHS = "$(inherited) @executable_path/Frameworks @loader_path/Frameworks";
				PRODUCT_BUNDLE_IDENTIFIER = com.isabella.GoalsTests;
				PRODUCT_NAME = "$(TARGET_NAME)";
				SWIFT_VERSION = 3.0;
				TEST_HOST = "$(BUILT_PRODUCTS_DIR)/Goals.app/Goals";
			};
			name = Release;
		};
		FACF12C71F15476300D505FE /* Debug */ = {
			isa = XCBuildConfiguration;
			baseConfigurationReference = 7D58FA351BA108AA49E998F0 /* Pods-GoalsUITests.debug.xcconfig */;
			buildSettings = {
				ALWAYS_EMBED_SWIFT_STANDARD_LIBRARIES = YES;
				INFOPLIST_FILE = GoalsUITests/Info.plist;
				LD_RUNPATH_SEARCH_PATHS = "$(inherited) @executable_path/Frameworks @loader_path/Frameworks";
				PRODUCT_BUNDLE_IDENTIFIER = com.isabella.GoalsUITests;
				PRODUCT_NAME = "$(TARGET_NAME)";
				SWIFT_VERSION = 3.0;
				TEST_TARGET_NAME = Goals;
			};
			name = Debug;
		};
		FACF12C81F15476300D505FE /* Release */ = {
			isa = XCBuildConfiguration;
			baseConfigurationReference = 8B1C5447CB4A291F000D9875 /* Pods-GoalsUITests.release.xcconfig */;
			buildSettings = {
				ALWAYS_EMBED_SWIFT_STANDARD_LIBRARIES = YES;
				INFOPLIST_FILE = GoalsUITests/Info.plist;
				LD_RUNPATH_SEARCH_PATHS = "$(inherited) @executable_path/Frameworks @loader_path/Frameworks";
				PRODUCT_BUNDLE_IDENTIFIER = com.isabella.GoalsUITests;
				PRODUCT_NAME = "$(TARGET_NAME)";
				SWIFT_VERSION = 3.0;
				TEST_TARGET_NAME = Goals;
			};
			name = Release;
		};
/* End XCBuildConfiguration section */

/* Begin XCConfigurationList section */
		FACF12931F15476200D505FE /* Build configuration list for PBXProject "Goals" */ = {
			isa = XCConfigurationList;
			buildConfigurations = (
				FACF12BE1F15476300D505FE /* Debug */,
				FACF12BF1F15476300D505FE /* Release */,
			);
			defaultConfigurationIsVisible = 0;
			defaultConfigurationName = Release;
		};
		FACF12C01F15476300D505FE /* Build configuration list for PBXNativeTarget "Goals" */ = {
			isa = XCConfigurationList;
			buildConfigurations = (
				FACF12C11F15476300D505FE /* Debug */,
				FACF12C21F15476300D505FE /* Release */,
			);
			defaultConfigurationIsVisible = 0;
			defaultConfigurationName = Release;
		};
		FACF12C31F15476300D505FE /* Build configuration list for PBXNativeTarget "GoalsTests" */ = {
			isa = XCConfigurationList;
			buildConfigurations = (
				FACF12C41F15476300D505FE /* Debug */,
				FACF12C51F15476300D505FE /* Release */,
			);
			defaultConfigurationIsVisible = 0;
			defaultConfigurationName = Release;
		};
		FACF12C61F15476300D505FE /* Build configuration list for PBXNativeTarget "GoalsUITests" */ = {
			isa = XCConfigurationList;
			buildConfigurations = (
				FACF12C71F15476300D505FE /* Debug */,
				FACF12C81F15476300D505FE /* Release */,
			);
			defaultConfigurationIsVisible = 0;
			defaultConfigurationName = Release;
		};
/* End XCConfigurationList section */
	};
	rootObject = FACF12901F15476200D505FE /* Project object */;
}
